
Microsoft Visual Studio Solution File, Format Version 12.00
# Visual Studio Version 17
VisualStudioVersion = 17.7.34202.233
MinimumVisualStudioVersion = 10.0.40219.1
Project("{FAE04EC0-301F-11D3-BF4B-00C04F79EFBC}") = "APPCRUD", "APPCRUD.csproj", "{A6D38AE9-E4A6-48F9-8ED5-F05A3ED59AD1}"
EndProject
Global
	GlobalSection(SolutionConfigurationPlatforms) = preSolution
		Debug|Any CPU = Debug|Any CPU
		Release|Any CPU = Release|Any CPU
	EndGlobalSection
	GlobalSection(ProjectConfigurationPlatforms) = postSolution
		{A6D38AE9-E4A6-48F9-8ED5-F05A3ED59AD1}.Debug|Any CPU.ActiveCfg = Debug|Any CPU
		{A6D38AE9-E4A6-48F9-8ED5-F05A3ED59AD1}.Debug|Any CPU.Build.0 = Debug|Any CPU
		{A6D38AE9-E4A6-48F9-8ED5-F05A3ED59AD1}.Release|Any CPU.ActiveCfg = Release|Any CPU
		{A6D38AE9-E4A6-48F9-8ED5-F05A3ED59AD1}.Release|Any CPU.Build.0 = Release|Any CPU
	EndGlobalSection
	GlobalSection(SolutionProperties) = preSolution
		HideSolutionNode = FALSE
	EndGlobalSection
	GlobalSection(ExtensibilityGlobals) = postSolution
		SolutionGuid = {4105D8D9-E164-4BB7-BE63-1C8A5ED5932F}
	EndGlobalSection
EndGlobal
